// !$*UTF8*$!
{
	archiveVersion = 1;
	classes = {
	};
	objectVersion = 55;
	objects = {

/* Begin PBXBuildFile section */
		490093842981FD8600548588 /* StockRepository.swift in Sources */ = {isa = PBXBuildFile; fileRef = 490093832981FD8600548588 /* StockRepository.swift */; };
		490093862982066700548588 /* URLInfo.swift in Sources */ = {isa = PBXBuildFile; fileRef = 490093852982066700548588 /* URLInfo.swift */; };
		4900938829820BF000548588 /* Constants.swift in Sources */ = {isa = PBXBuildFile; fileRef = 4900938729820BF000548588 /* Constants.swift */; };
		4900938D29820D2A00548588 /* InterestStockEntity.swift in Sources */ = {isa = PBXBuildFile; fileRef = 4900938C29820D2A00548588 /* InterestStockEntity.swift */; };
		490093972982187A00548588 /* CurrentPriceModel.swift in Sources */ = {isa = PBXBuildFile; fileRef = 490093962982187A00548588 /* CurrentPriceModel.swift */; };
		4900939A298250F500548588 /* SocketIO in Frameworks */ = {isa = PBXBuildFile; productRef = 49009399298250F500548588 /* SocketIO */; };
		4900939C298251C400548588 /* SocketIOManager.swift in Sources */ = {isa = PBXBuildFile; fileRef = 4900939B298251C400548588 /* SocketIOManager.swift */; };
		4900939E298264B700548588 /* SiseModel.swift in Sources */ = {isa = PBXBuildFile; fileRef = 4900939D298264B700548588 /* SiseModel.swift */; };
		49959F4329878DEF00FC087F /* UpdateViewController.swift in Sources */ = {isa = PBXBuildFile; fileRef = 49959F4229878DEF00FC087F /* UpdateViewController.swift */; };
		49AF930A2980F91D009F8A58 /* AppDelegate.swift in Sources */ = {isa = PBXBuildFile; fileRef = 49AF93092980F91D009F8A58 /* AppDelegate.swift */; };
		49AF930C2980F91D009F8A58 /* SceneDelegate.swift in Sources */ = {isa = PBXBuildFile; fileRef = 49AF930B2980F91D009F8A58 /* SceneDelegate.swift */; };
		49AF930E2980F91D009F8A58 /* InterestViewController.swift in Sources */ = {isa = PBXBuildFile; fileRef = 49AF930D2980F91D009F8A58 /* InterestViewController.swift */; };
		49AF93132980F920009F8A58 /* Assets.xcassets in Resources */ = {isa = PBXBuildFile; fileRef = 49AF93122980F920009F8A58 /* Assets.xcassets */; };
		49AF93162980F920009F8A58 /* LaunchScreen.storyboard in Resources */ = {isa = PBXBuildFile; fileRef = 49AF93142980F920009F8A58 /* LaunchScreen.storyboard */; };
		49AF931F2980FA06009F8A58 /* SnapKit in Frameworks */ = {isa = PBXBuildFile; productRef = 49AF931E2980FA06009F8A58 /* SnapKit */; };
		49AF93212980FB0C009F8A58 /* CurrentPriceCollectionViewCell.swift in Sources */ = {isa = PBXBuildFile; fileRef = 49AF93202980FB0C009F8A58 /* CurrentPriceCollectionViewCell.swift */; };
		49AF932529810974009F8A58 /* SeparatorView.swift in Sources */ = {isa = PBXBuildFile; fileRef = 49AF932429810974009F8A58 /* SeparatorView.swift */; };
		49AF932729810CB4009F8A58 /* DynamicFlowLayout.swift in Sources */ = {isa = PBXBuildFile; fileRef = 49AF932629810CB4009F8A58 /* DynamicFlowLayout.swift */; };
		49AF932A29811005009F8A58 /* Alamofire in Frameworks */ = {isa = PBXBuildFile; productRef = 49AF932929811005009F8A58 /* Alamofire */; };
		49AF932C298111FE009F8A58 /* InterestViewModel.swift in Sources */ = {isa = PBXBuildFile; fileRef = 49AF932B298111FE009F8A58 /* InterestViewModel.swift */; };
		49AF932F29811219009F8A58 /* RxCocoa in Frameworks */ = {isa = PBXBuildFile; productRef = 49AF932E29811219009F8A58 /* RxCocoa */; };
		49AF933129811219009F8A58 /* RxSwift in Frameworks */ = {isa = PBXBuildFile; productRef = 49AF933029811219009F8A58 /* RxSwift */; };
		49AF9335298113B5009F8A58 /* Service.swift in Sources */ = {isa = PBXBuildFile; fileRef = 49AF9334298113B5009F8A58 /* Service.swift */; };
		49CDEBE72988C2EA00E456DF /* UpdateViewModel.swift in Sources */ = {isa = PBXBuildFile; fileRef = 49CDEBE62988C2EA00E456DF /* UpdateViewModel.swift */; };
/* End PBXBuildFile section */

/* Begin PBXFileReference section */
		490093832981FD8600548588 /* StockRepository.swift */ = {isa = PBXFileReference; lastKnownFileType = sourcecode.swift; path = StockRepository.swift; sourceTree = "<group>"; };
		490093852982066700548588 /* URLInfo.swift */ = {isa = PBXFileReference; lastKnownFileType = sourcecode.swift; path = URLInfo.swift; sourceTree = "<group>"; };
		4900938729820BF000548588 /* Constants.swift */ = {isa = PBXFileReference; lastKnownFileType = sourcecode.swift; path = Constants.swift; sourceTree = "<group>"; };
		4900938C29820D2A00548588 /* InterestStockEntity.swift */ = {isa = PBXFileReference; lastKnownFileType = sourcecode.swift; path = InterestStockEntity.swift; sourceTree = "<group>"; };
		490093962982187A00548588 /* CurrentPriceModel.swift */ = {isa = PBXFileReference; lastKnownFileType = sourcecode.swift; path = CurrentPriceModel.swift; sourceTree = "<group>"; };
		4900939B298251C400548588 /* SocketIOManager.swift */ = {isa = PBXFileReference; lastKnownFileType = sourcecode.swift; path = SocketIOManager.swift; sourceTree = "<group>"; };
		4900939D298264B700548588 /* SiseModel.swift */ = {isa = PBXFileReference; lastKnownFileType = sourcecode.swift; path = SiseModel.swift; sourceTree = "<group>"; };
		49959F4229878DEF00FC087F /* UpdateViewController.swift */ = {isa = PBXFileReference; lastKnownFileType = sourcecode.swift; path = UpdateViewController.swift; sourceTree = "<group>"; };
		49AF93062980F91D009F8A58 /* SiseWebSocketSample.app */ = {isa = PBXFileReference; explicitFileType = wrapper.application; includeInIndex = 0; path = SiseWebSocketSample.app; sourceTree = BUILT_PRODUCTS_DIR; };
		49AF93092980F91D009F8A58 /* AppDelegate.swift */ = {isa = PBXFileReference; lastKnownFileType = sourcecode.swift; path = AppDelegate.swift; sourceTree = "<group>"; };
		49AF930B2980F91D009F8A58 /* SceneDelegate.swift */ = {isa = PBXFileReference; lastKnownFileType = sourcecode.swift; path = SceneDelegate.swift; sourceTree = "<group>"; };
		49AF930D2980F91D009F8A58 /* InterestViewController.swift */ = {isa = PBXFileReference; lastKnownFileType = sourcecode.swift; path = InterestViewController.swift; sourceTree = "<group>"; };
		49AF93122980F920009F8A58 /* Assets.xcassets */ = {isa = PBXFileReference; lastKnownFileType = folder.assetcatalog; path = Assets.xcassets; sourceTree = "<group>"; };
		49AF93152980F920009F8A58 /* Base */ = {isa = PBXFileReference; lastKnownFileType = file.storyboard; name = Base; path = Base.lproj/LaunchScreen.storyboard; sourceTree = "<group>"; };
		49AF93172980F920009F8A58 /* Info.plist */ = {isa = PBXFileReference; lastKnownFileType = text.plist.xml; path = Info.plist; sourceTree = "<group>"; };
		49AF93202980FB0C009F8A58 /* CurrentPriceCollectionViewCell.swift */ = {isa = PBXFileReference; lastKnownFileType = sourcecode.swift; path = CurrentPriceCollectionViewCell.swift; sourceTree = "<group>"; };
		49AF932429810974009F8A58 /* SeparatorView.swift */ = {isa = PBXFileReference; lastKnownFileType = sourcecode.swift; path = SeparatorView.swift; sourceTree = "<group>"; };
		49AF932629810CB4009F8A58 /* DynamicFlowLayout.swift */ = {isa = PBXFileReference; lastKnownFileType = sourcecode.swift; path = DynamicFlowLayout.swift; sourceTree = "<group>"; };
		49AF932B298111FE009F8A58 /* InterestViewModel.swift */ = {isa = PBXFileReference; lastKnownFileType = sourcecode.swift; path = InterestViewModel.swift; sourceTree = "<group>"; };
		49AF9334298113B5009F8A58 /* Service.swift */ = {isa = PBXFileReference; lastKnownFileType = sourcecode.swift; path = Service.swift; sourceTree = "<group>"; };
		49CDEBE62988C2EA00E456DF /* UpdateViewModel.swift */ = {isa = PBXFileReference; lastKnownFileType = sourcecode.swift; path = UpdateViewModel.swift; sourceTree = "<group>"; };
/* End PBXFileReference section */

/* Begin PBXFrameworksBuildPhase section */
		49AF93032980F91D009F8A58 /* Frameworks */ = {
			isa = PBXFrameworksBuildPhase;
			buildActionMask = 2147483647;
			files = (
				49AF932F29811219009F8A58 /* RxCocoa in Frameworks */,
				49AF931F2980FA06009F8A58 /* SnapKit in Frameworks */,
				49AF933129811219009F8A58 /* RxSwift in Frameworks */,
				4900939A298250F500548588 /* SocketIO in Frameworks */,
				49AF932A29811005009F8A58 /* Alamofire in Frameworks */,
			);
			runOnlyForDeploymentPostprocessing = 0;
		};
/* End PBXFrameworksBuildPhase section */

/* Begin PBXGroup section */
		4900938929820CFD00548588 /* Service */ = {
			isa = PBXGroup;
			children = (
				49AF9334298113B5009F8A58 /* Service.swift */,
			);
			path = Service;
			sourceTree = "<group>";
		};
		4900938A29820D0200548588 /* Repository */ = {
			isa = PBXGroup;
			children = (
				490093832981FD8600548588 /* StockRepository.swift */,
			);
			path = Repository;
			sourceTree = "<group>";
		};
		4900938B29820D0900548588 /* Tools */ = {
			isa = PBXGroup;
			children = (
				490093852982066700548588 /* URLInfo.swift */,
				4900938729820BF000548588 /* Constants.swift */,
			);
			path = Tools;
			sourceTree = "<group>";
		};
		4900938E29820D4F00548588 /* Entity */ = {
			isa = PBXGroup;
			children = (
				4900938C29820D2A00548588 /* InterestStockEntity.swift */,
			);
			path = Entity;
			sourceTree = "<group>";
		};
		490093912982143000548588 /* Library */ = {
			isa = PBXGroup;
			children = (
				490093922982143600548588 /* ViewModels */,
			);
			path = Library;
			sourceTree = "<group>";
		};
		490093922982143600548588 /* ViewModels */ = {
			isa = PBXGroup;
			children = (
				49AF932B298111FE009F8A58 /* InterestViewModel.swift */,
				49CDEBE62988C2EA00E456DF /* UpdateViewModel.swift */,
			);
			path = ViewModels;
			sourceTree = "<group>";
		};
		490093942982186600548588 /* Resource */ = {
			isa = PBXGroup;
			children = (
				49AF93122980F920009F8A58 /* Assets.xcassets */,
				49AF93142980F920009F8A58 /* LaunchScreen.storyboard */,
				49AF93172980F920009F8A58 /* Info.plist */,
			);
			path = Resource;
			sourceTree = "<group>";
		};
		490093952982186E00548588 /* Model */ = {
			isa = PBXGroup;
			children = (
				4900939D298264B700548588 /* SiseModel.swift */,
				490093962982187A00548588 /* CurrentPriceModel.swift */,
			);
			path = Model;
			sourceTree = "<group>";
		};
		49AF92FD2980F91D009F8A58 = {
			isa = PBXGroup;
			children = (
				49AF93082980F91D009F8A58 /* SiseWebSocketSample */,
				49AF93072980F91D009F8A58 /* Products */,
			);
			sourceTree = "<group>";
		};
		49AF93072980F91D009F8A58 /* Products */ = {
			isa = PBXGroup;
			children = (
				49AF93062980F91D009F8A58 /* SiseWebSocketSample.app */,
			);
			name = Products;
			sourceTree = "<group>";
		};
		49AF93082980F91D009F8A58 /* SiseWebSocketSample */ = {
			isa = PBXGroup;
			children = (
				490093952982186E00548588 /* Model */,
				490093912982143000548588 /* Library */,
				49AF93222981092B009F8A58 /* Delegate */,
				49AF932329810931009F8A58 /* Scene */,
				490093942982186600548588 /* Resource */,
				4900938929820CFD00548588 /* Service */,
				4900938A29820D0200548588 /* Repository */,
				4900938B29820D0900548588 /* Tools */,
				4900938E29820D4F00548588 /* Entity */,
				4900939B298251C400548588 /* SocketIOManager.swift */,
			);
			path = SiseWebSocketSample;
			sourceTree = "<group>";
		};
		49AF93222981092B009F8A58 /* Delegate */ = {
			isa = PBXGroup;
			children = (
				49AF93092980F91D009F8A58 /* AppDelegate.swift */,
				49AF930B2980F91D009F8A58 /* SceneDelegate.swift */,
			);
			path = Delegate;
			sourceTree = "<group>";
		};
		49AF932329810931009F8A58 /* Scene */ = {
			isa = PBXGroup;
			children = (
				49CDEBE32988C27D00E456DF /* CustomViews */,
				49CDEBE42988C29C00E456DF /* Interest */,
				49CDEBE52988C2B700E456DF /* Update */,
			);
			path = Scene;
			sourceTree = "<group>";
		};
		49CDEBE32988C27D00E456DF /* CustomViews */ = {
			isa = PBXGroup;
			children = (
				49AF932429810974009F8A58 /* SeparatorView.swift */,
				49AF932629810CB4009F8A58 /* DynamicFlowLayout.swift */,
			);
			path = CustomViews;
			sourceTree = "<group>";
		};
		49CDEBE42988C29C00E456DF /* Interest */ = {
			isa = PBXGroup;
			children = (
				49AF930D2980F91D009F8A58 /* InterestViewController.swift */,
				49AF93202980FB0C009F8A58 /* CurrentPriceCollectionViewCell.swift */,
			);
			path = Interest;
			sourceTree = "<group>";
		};
		49CDEBE52988C2B700E456DF /* Update */ = {
			isa = PBXGroup;
			children = (
				49959F4229878DEF00FC087F /* UpdateViewController.swift */,
			);
			path = Update;
			sourceTree = "<group>";
		};
/* End PBXGroup section */

/* Begin PBXNativeTarget section */
		49AF93052980F91D009F8A58 /* SiseWebSocketSample */ = {
			isa = PBXNativeTarget;
			buildConfigurationList = 49AF931A2980F920009F8A58 /* Build configuration list for PBXNativeTarget "SiseWebSocketSample" */;
			buildPhases = (
				49AF93022980F91D009F8A58 /* Sources */,
				49AF93032980F91D009F8A58 /* Frameworks */,
				49AF93042980F91D009F8A58 /* Resources */,
			);
			buildRules = (
			);
			dependencies = (
			);
			name = SiseWebSocketSample;
			packageProductDependencies = (
				49AF931E2980FA06009F8A58 /* SnapKit */,
				49AF932929811005009F8A58 /* Alamofire */,
				49AF932E29811219009F8A58 /* RxCocoa */,
				49AF933029811219009F8A58 /* RxSwift */,
				49009399298250F500548588 /* SocketIO */,
			);
			productName = SiseWebSocketSample;
			productReference = 49AF93062980F91D009F8A58 /* SiseWebSocketSample.app */;
			productType = "com.apple.product-type.application";
		};
/* End PBXNativeTarget section */

/* Begin PBXProject section */
		49AF92FE2980F91D009F8A58 /* Project object */ = {
			isa = PBXProject;
			attributes = {
				BuildIndependentTargetsInParallel = 1;
				LastSwiftUpdateCheck = 1340;
				LastUpgradeCheck = 1340;
				TargetAttributes = {
					49AF93052980F91D009F8A58 = {
						CreatedOnToolsVersion = 13.4.1;
					};
				};
			};
			buildConfigurationList = 49AF93012980F91D009F8A58 /* Build configuration list for PBXProject "SiseWebSocketSample" */;
			compatibilityVersion = "Xcode 13.0";
			developmentRegion = en;
			hasScannedForEncodings = 0;
			knownRegions = (
				en,
				Base,
			);
			mainGroup = 49AF92FD2980F91D009F8A58;
			packageReferences = (
				49AF931D2980FA06009F8A58 /* XCRemoteSwiftPackageReference "SnapKit" */,
				49AF932829811005009F8A58 /* XCRemoteSwiftPackageReference "Alamofire" */,
				49AF932D29811219009F8A58 /* XCRemoteSwiftPackageReference "RxSwift" */,
				49009398298250F500548588 /* XCRemoteSwiftPackageReference "socket" */,
			);
			productRefGroup = 49AF93072980F91D009F8A58 /* Products */;
			projectDirPath = "";
			projectRoot = "";
			targets = (
				49AF93052980F91D009F8A58 /* SiseWebSocketSample */,
			);
		};
/* End PBXProject section */

/* Begin PBXResourcesBuildPhase section */
		49AF93042980F91D009F8A58 /* Resources */ = {
			isa = PBXResourcesBuildPhase;
			buildActionMask = 2147483647;
			files = (
				49AF93162980F920009F8A58 /* LaunchScreen.storyboard in Resources */,
				49AF93132980F920009F8A58 /* Assets.xcassets in Resources */,
			);
			runOnlyForDeploymentPostprocessing = 0;
		};
/* End PBXResourcesBuildPhase section */

/* Begin PBXSourcesBuildPhase section */
		49AF93022980F91D009F8A58 /* Sources */ = {
			isa = PBXSourcesBuildPhase;
			buildActionMask = 2147483647;
			files = (
				49AF93212980FB0C009F8A58 /* CurrentPriceCollectionViewCell.swift in Sources */,
				4900938829820BF000548588 /* Constants.swift in Sources */,
				490093972982187A00548588 /* CurrentPriceModel.swift in Sources */,
				49CDEBE72988C2EA00E456DF /* UpdateViewModel.swift in Sources */,
				49AF930E2980F91D009F8A58 /* InterestViewController.swift in Sources */,
				49AF932529810974009F8A58 /* SeparatorView.swift in Sources */,
				49AF930A2980F91D009F8A58 /* AppDelegate.swift in Sources */,
				49AF9335298113B5009F8A58 /* Service.swift in Sources */,
				49959F4329878DEF00FC087F /* UpdateViewController.swift in Sources */,
				4900938D29820D2A00548588 /* InterestStockEntity.swift in Sources */,
				490093862982066700548588 /* URLInfo.swift in Sources */,
				4900939E298264B700548588 /* SiseModel.swift in Sources */,
				49AF932C298111FE009F8A58 /* InterestViewModel.swift in Sources */,
				4900939C298251C400548588 /* SocketIOManager.swift in Sources */,
				490093842981FD8600548588 /* StockRepository.swift in Sources */,
				49AF930C2980F91D009F8A58 /* SceneDelegate.swift in Sources */,
				49AF932729810CB4009F8A58 /* DynamicFlowLayout.swift in Sources */,
			);
			runOnlyForDeploymentPostprocessing = 0;
		};
/* End PBXSourcesBuildPhase section */

/* Begin PBXVariantGroup section */
		49AF93142980F920009F8A58 /* LaunchScreen.storyboard */ = {
			isa = PBXVariantGroup;
			children = (
				49AF93152980F920009F8A58 /* Base */,
			);
			name = LaunchScreen.storyboard;
			sourceTree = "<group>";
		};
/* End PBXVariantGroup section */

/* Begin XCBuildConfiguration section */
		49AF93182980F920009F8A58 /* Debug */ = {
			isa = XCBuildConfiguration;
			buildSettings = {
				ALWAYS_SEARCH_USER_PATHS = NO;
				CLANG_ANALYZER_NONNULL = YES;
				CLANG_ANALYZER_NUMBER_OBJECT_CONVERSION = YES_AGGRESSIVE;
				CLANG_CXX_LANGUAGE_STANDARD = "gnu++17";
				CLANG_ENABLE_MODULES = YES;
				CLANG_ENABLE_OBJC_ARC = YES;
				CLANG_ENABLE_OBJC_WEAK = YES;
				CLANG_WARN_BLOCK_CAPTURE_AUTORELEASING = YES;
				CLANG_WARN_BOOL_CONVERSION = YES;
				CLANG_WARN_COMMA = YES;
				CLANG_WARN_CONSTANT_CONVERSION = YES;
				CLANG_WARN_DEPRECATED_OBJC_IMPLEMENTATIONS = YES;
				CLANG_WARN_DIRECT_OBJC_ISA_USAGE = YES_ERROR;
				CLANG_WARN_DOCUMENTATION_COMMENTS = YES;
				CLANG_WARN_EMPTY_BODY = YES;
				CLANG_WARN_ENUM_CONVERSION = YES;
				CLANG_WARN_INFINITE_RECURSION = YES;
				CLANG_WARN_INT_CONVERSION = YES;
				CLANG_WARN_NON_LITERAL_NULL_CONVERSION = YES;
				CLANG_WARN_OBJC_IMPLICIT_RETAIN_SELF = YES;
				CLANG_WARN_OBJC_LITERAL_CONVERSION = YES;
				CLANG_WARN_OBJC_ROOT_CLASS = YES_ERROR;
				CLANG_WARN_QUOTED_INCLUDE_IN_FRAMEWORK_HEADER = YES;
				CLANG_WARN_RANGE_LOOP_ANALYSIS = YES;
				CLANG_WARN_STRICT_PROTOTYPES = YES;
				CLANG_WARN_SUSPICIOUS_MOVE = YES;
				CLANG_WARN_UNGUARDED_AVAILABILITY = YES_AGGRESSIVE;
				CLANG_WARN_UNREACHABLE_CODE = YES;
				CLANG_WARN__DUPLICATE_METHOD_MATCH = YES;
				COPY_PHASE_STRIP = NO;
				DEBUG_INFORMATION_FORMAT = dwarf;
				ENABLE_STRICT_OBJC_MSGSEND = YES;
				ENABLE_TESTABILITY = YES;
				GCC_C_LANGUAGE_STANDARD = gnu11;
				GCC_DYNAMIC_NO_PIC = NO;
				GCC_NO_COMMON_BLOCKS = YES;
				GCC_OPTIMIZATION_LEVEL = 0;
				GCC_PREPROCESSOR_DEFINITIONS = (
					"DEBUG=1",
					"$(inherited)",
				);
				GCC_WARN_64_TO_32_BIT_CONVERSION = YES;
				GCC_WARN_ABOUT_RETURN_TYPE = YES_ERROR;
				GCC_WARN_UNDECLARED_SELECTOR = YES;
				GCC_WARN_UNINITIALIZED_AUTOS = YES_AGGRESSIVE;
				GCC_WARN_UNUSED_FUNCTION = YES;
				GCC_WARN_UNUSED_VARIABLE = YES;
				IPHONEOS_DEPLOYMENT_TARGET = 15.5;
				MTL_ENABLE_DEBUG_INFO = INCLUDE_SOURCE;
				MTL_FAST_MATH = YES;
				ONLY_ACTIVE_ARCH = YES;
				SDKROOT = iphoneos;
				SWIFT_ACTIVE_COMPILATION_CONDITIONS = DEBUG;
				SWIFT_OPTIMIZATION_LEVEL = "-Onone";
			};
			name = Debug;
		};
		49AF93192980F920009F8A58 /* Release */ = {
			isa = XCBuildConfiguration;
			buildSettings = {
				ALWAYS_SEARCH_USER_PATHS = NO;
				CLANG_ANALYZER_NONNULL = YES;
				CLANG_ANALYZER_NUMBER_OBJECT_CONVERSION = YES_AGGRESSIVE;
				CLANG_CXX_LANGUAGE_STANDARD = "gnu++17";
				CLANG_ENABLE_MODULES = YES;
				CLANG_ENABLE_OBJC_ARC = YES;
				CLANG_ENABLE_OBJC_WEAK = YES;
				CLANG_WARN_BLOCK_CAPTURE_AUTORELEASING = YES;
				CLANG_WARN_BOOL_CONVERSION = YES;
				CLANG_WARN_COMMA = YES;
				CLANG_WARN_CONSTANT_CONVERSION = YES;
				CLANG_WARN_DEPRECATED_OBJC_IMPLEMENTATIONS = YES;
				CLANG_WARN_DIRECT_OBJC_ISA_USAGE = YES_ERROR;
				CLANG_WARN_DOCUMENTATION_COMMENTS = YES;
				CLANG_WARN_EMPTY_BODY = YES;
				CLANG_WARN_ENUM_CONVERSION = YES;
				CLANG_WARN_INFINITE_RECURSION = YES;
				CLANG_WARN_INT_CONVERSION = YES;
				CLANG_WARN_NON_LITERAL_NULL_CONVERSION = YES;
				CLANG_WARN_OBJC_IMPLICIT_RETAIN_SELF = YES;
				CLANG_WARN_OBJC_LITERAL_CONVERSION = YES;
				CLANG_WARN_OBJC_ROOT_CLASS = YES_ERROR;
				CLANG_WARN_QUOTED_INCLUDE_IN_FRAMEWORK_HEADER = YES;
				CLANG_WARN_RANGE_LOOP_ANALYSIS = YES;
				CLANG_WARN_STRICT_PROTOTYPES = YES;
				CLANG_WARN_SUSPICIOUS_MOVE = YES;
				CLANG_WARN_UNGUARDED_AVAILABILITY = YES_AGGRESSIVE;
				CLANG_WARN_UNREACHABLE_CODE = YES;
				CLANG_WARN__DUPLICATE_METHOD_MATCH = YES;
				COPY_PHASE_STRIP = NO;
				DEBUG_INFORMATION_FORMAT = "dwarf-with-dsym";
				ENABLE_NS_ASSERTIONS = NO;
				ENABLE_STRICT_OBJC_MSGSEND = YES;
				GCC_C_LANGUAGE_STANDARD = gnu11;
				GCC_NO_COMMON_BLOCKS = YES;
				GCC_WARN_64_TO_32_BIT_CONVERSION = YES;
				GCC_WARN_ABOUT_RETURN_TYPE = YES_ERROR;
				GCC_WARN_UNDECLARED_SELECTOR = YES;
				GCC_WARN_UNINITIALIZED_AUTOS = YES_AGGRESSIVE;
				GCC_WARN_UNUSED_FUNCTION = YES;
				GCC_WARN_UNUSED_VARIABLE = YES;
				IPHONEOS_DEPLOYMENT_TARGET = 15.5;
				MTL_ENABLE_DEBUG_INFO = NO;
				MTL_FAST_MATH = YES;
				SDKROOT = iphoneos;
				SWIFT_COMPILATION_MODE = wholemodule;
				SWIFT_OPTIMIZATION_LEVEL = "-O";
				VALIDATE_PRODUCT = YES;
			};
			name = Release;
		};
		49AF931B2980F920009F8A58 /* Debug */ = {
			isa = XCBuildConfiguration;
			buildSettings = {
				ASSETCATALOG_COMPILER_APPICON_NAME = AppIcon;
				ASSETCATALOG_COMPILER_GLOBAL_ACCENT_COLOR_NAME = AccentColor;
				CODE_SIGN_STYLE = Automatic;
				CURRENT_PROJECT_VERSION = 1;
				DEVELOPMENT_TEAM = HDFLLXK789;
				GENERATE_INFOPLIST_FILE = YES;
				INFOPLIST_FILE = SiseWebSocketSample/Resource/Info.plist;
				INFOPLIST_KEY_UIApplicationSupportsIndirectInputEvents = YES;
				INFOPLIST_KEY_UILaunchStoryboardName = LaunchScreen;
				INFOPLIST_KEY_UIMainStoryboardFile = "";
				INFOPLIST_KEY_UISupportedInterfaceOrientations_iPad = "UIInterfaceOrientationPortrait UIInterfaceOrientationPortraitUpsideDown UIInterfaceOrientationLandscapeLeft UIInterfaceOrientationLandscapeRight";
				INFOPLIST_KEY_UISupportedInterfaceOrientations_iPhone = "UIInterfaceOrientationPortrait UIInterfaceOrientationLandscapeLeft UIInterfaceOrientationLandscapeRight";
				LD_RUNPATH_SEARCH_PATHS = (
					"$(inherited)",
					"@executable_path/Frameworks",
				);
				MARKETING_VERSION = 1.0;
				PRODUCT_BUNDLE_IDENTIFIER = com.ycompany.SiseWebSocketSample;
				PRODUCT_NAME = "$(TARGET_NAME)";
				SWIFT_EMIT_LOC_STRINGS = YES;
				SWIFT_VERSION = 5.0;
				TARGETED_DEVICE_FAMILY = "1,2";
			};
			name = Debug;
		};
		49AF931C2980F920009F8A58 /* Release */ = {
			isa = XCBuildConfiguration;
			buildSettings = {
				ASSETCATALOG_COMPILER_APPICON_NAME = AppIcon;
				ASSETCATALOG_COMPILER_GLOBAL_ACCENT_COLOR_NAME = AccentColor;
				CODE_SIGN_STYLE = Automatic;
				CURRENT_PROJECT_VERSION = 1;
				DEVELOPMENT_TEAM = HDFLLXK789;
				GENERATE_INFOPLIST_FILE = YES;
				INFOPLIST_FILE = SiseWebSocketSample/Resource/Info.plist;
				INFOPLIST_KEY_UIApplicationSupportsIndirectInputEvents = YES;
				INFOPLIST_KEY_UILaunchStoryboardName = LaunchScreen;
				INFOPLIST_KEY_UIMainStoryboardFile = "";
				INFOPLIST_KEY_UISupportedInterfaceOrientations_iPad = "UIInterfaceOrientationPortrait UIInterfaceOrientationPortraitUpsideDown UIInterfaceOrientationLandscapeLeft UIInterfaceOrientationLandscapeRight";
				INFOPLIST_KEY_UISupportedInterfaceOrientations_iPhone = "UIInterfaceOrientationPortrait UIInterfaceOrientationLandscapeLeft UIInterfaceOrientationLandscapeRight";
				LD_RUNPATH_SEARCH_PATHS = (
					"$(inherited)",
					"@executable_path/Frameworks",
				);
				MARKETING_VERSION = 1.0;
				PRODUCT_BUNDLE_IDENTIFIER = com.ycompany.SiseWebSocketSample;
				PRODUCT_NAME = "$(TARGET_NAME)";
				SWIFT_EMIT_LOC_STRINGS = YES;
				SWIFT_VERSION = 5.0;
				TARGETED_DEVICE_FAMILY = "1,2";
			};
			name = Release;
		};
/* End XCBuildConfiguration section */

/* Begin XCConfigurationList section */
		49AF93012980F91D009F8A58 /* Build configuration list for PBXProject "SiseWebSocketSample" */ = {
			isa = XCConfigurationList;
			buildConfigurations = (
				49AF93182980F920009F8A58 /* Debug */,
				49AF93192980F920009F8A58 /* Release */,
			);
			defaultConfigurationIsVisible = 0;
			defaultConfigurationName = Release;
		};
		49AF931A2980F920009F8A58 /* Build configuration list for PBXNativeTarget "SiseWebSocketSample" */ = {
			isa = XCConfigurationList;
			buildConfigurations = (
				49AF931B2980F920009F8A58 /* Debug */,
				49AF931C2980F920009F8A58 /* Release */,
			);
			defaultConfigurationIsVisible = 0;
			defaultConfigurationName = Release;
		};
/* End XCConfigurationList section */

/* Begin XCRemoteSwiftPackageReference section */
		49009398298250F500548588 /* XCRemoteSwiftPackageReference "socket" */ = {
			isa = XCRemoteSwiftPackageReference;
			repositoryURL = "https://github.com/socketio/socket.io-client-swift";
			requirement = {
				branch = master;
				kind = branch;
			};
		};
		49AF931D2980FA06009F8A58 /* XCRemoteSwiftPackageReference "SnapKit" */ = {
			isa = XCRemoteSwiftPackageReference;
			repositoryURL = "https://github.com/SnapKit/SnapKit.git";
			requirement = {
				kind = upToNextMajorVersion;
				minimumVersion = 5.0.0;
			};
		};
		49AF932829811005009F8A58 /* XCRemoteSwiftPackageReference "Alamofire" */ = {
			isa = XCRemoteSwiftPackageReference;
			repositoryURL = "https://github.com/Alamofire/Alamofire.git";
			requirement = {
				branch = master;
				kind = branch;
			};
		};
		49AF932D29811219009F8A58 /* XCRemoteSwiftPackageReference "RxSwift" */ = {
			isa = XCRemoteSwiftPackageReference;
			repositoryURL = "https://github.com/ReactiveX/RxSwift.git";
			requirement = {
				branch = main;
				kind = branch;
			};
		};
/* End XCRemoteSwiftPackageReference section */

/* Begin XCSwiftPackageProductDependency section */
		49009399298250F500548588 /* SocketIO */ = {
			isa = XCSwiftPackageProductDependency;
			package = 49009398298250F500548588 /* XCRemoteSwiftPackageReference "socket" */;
			productName = SocketIO;
		};
		49AF931E2980FA06009F8A58 /* SnapKit */ = {
			isa = XCSwiftPackageProductDependency;
			package = 49AF931D2980FA06009F8A58 /* XCRemoteSwiftPackageReference "SnapKit" */;
			productName = SnapKit;
		};
		49AF932929811005009F8A58 /* Alamofire */ = {
			isa = XCSwiftPackageProductDependency;
			package = 49AF932829811005009F8A58 /* XCRemoteSwiftPackageReference "Alamofire" */;
			productName = Alamofire;
		};
		49AF932E29811219009F8A58 /* RxCocoa */ = {
			isa = XCSwiftPackageProductDependency;
			package = 49AF932D29811219009F8A58 /* XCRemoteSwiftPackageReference "RxSwift" */;
			productName = RxCocoa;
		};
		49AF933029811219009F8A58 /* RxSwift */ = {
			isa = XCSwiftPackageProductDependency;
			package = 49AF932D29811219009F8A58 /* XCRemoteSwiftPackageReference "RxSwift" */;
			productName = RxSwift;
		};
/* End XCSwiftPackageProductDependency section */
	};
	rootObject = 49AF92FE2980F91D009F8A58 /* Project object */;
}
