// !$*UTF8*$!
{
	archiveVersion = 1;
	classes = {
	};
	objectVersion = 55;
	objects = {

/* Begin PBXBuildFile section */
		490093842981FD8600548588 /* StockRepository.swift in Sources */ = {isa = PBXBuildFile; fileRef = 490093832981FD8600548588 /* StockRepository.swift */; };
		490093862982066700548588 /* URLInfo.swift in Sources */ = {isa = PBXBuildFile; fileRef = 490093852982066700548588 /* URLInfo.swift */; };
		4900938829820BF000548588 /* Constants.swift in Sources */ = {isa = PBXBuildFile; fileRef = 4900938729820BF000548588 /* Constants.swift */; };
		490093972982187A00548588 /* CurrentPriceModel.swift in Sources */ = {isa = PBXBuildFile; fileRef = 490093962982187A00548588 /* CurrentPriceModel.swift */; };
		4900939A298250F500548588 /* SocketIO in Frameworks */ = {isa = PBXBuildFile; productRef = 49009399298250F500548588 /* SocketIO */; };
		4900939C298251C400548588 /* SocketIOManager.swift in Sources */ = {isa = PBXBuildFile; fileRef = 4900939B298251C400548588 /* SocketIOManager.swift */; };
		4900939E298264B700548588 /* SiseModel.swift in Sources */ = {isa = PBXBuildFile; fileRef = 4900939D298264B700548588 /* SiseModel.swift */; };
		490E6FDE298C83380035470A /* SearchViewController.swift in Sources */ = {isa = PBXBuildFile; fileRef = 490E6FDD298C83380035470A /* SearchViewController.swift */; };
		490E6FE2298C84500035470A /* PresentTopView.swift in Sources */ = {isa = PBXBuildFile; fileRef = 490E6FE1298C84500035470A /* PresentTopView.swift */; };
		490E6FE4298C96320035470A /* SearchViewModel.swift in Sources */ = {isa = PBXBuildFile; fileRef = 490E6FE3298C96320035470A /* SearchViewModel.swift */; };
		490E6FE6298C9F040035470A /* StockTableViewCell.swift in Sources */ = {isa = PBXBuildFile; fileRef = 490E6FE5298C9F040035470A /* StockTableViewCell.swift */; };
		490E6FE9298CDF1F0035470A /* RxDataSources in Frameworks */ = {isa = PBXBuildFile; productRef = 490E6FE8298CDF1F0035470A /* RxDataSources */; };
		494162E4299AFBDA0086B608 /* TopInfoView.swift in Sources */ = {isa = PBXBuildFile; fileRef = 494162E3299AFBDA0086B608 /* TopInfoView.swift */; };
		494162E7299B03B60086B608 /* DynamicHeightFlowLayout.swift in Sources */ = {isa = PBXBuildFile; fileRef = 494162E6299B03B60086B608 /* DynamicHeightFlowLayout.swift */; };
		494DE2EF2990CBAA0065BE1A /* InterestStockManager.swift in Sources */ = {isa = PBXBuildFile; fileRef = 494DE2EE2990CBAA0065BE1A /* InterestStockManager.swift */; };
		4953A63929A5BFA800CF3BE2 /* ContentCollectionView.swift in Sources */ = {isa = PBXBuildFile; fileRef = 4953A63829A5BFA800CF3BE2 /* ContentCollectionView.swift */; };
		4953A63B29A5C38300CF3BE2 /* ContentCollectionViewCell.swift in Sources */ = {isa = PBXBuildFile; fileRef = 4953A63A29A5C38300CF3BE2 /* ContentCollectionViewCell.swift */; };
		495DD8E7299A0D7F00FD185E /* CurrentPriceViewController.swift in Sources */ = {isa = PBXBuildFile; fileRef = 495DD8E6299A0D7F00FD185E /* CurrentPriceViewController.swift */; };
		495DD8E9299A1F1200FD185E /* CurrentPriceViewModel.swift in Sources */ = {isa = PBXBuildFile; fileRef = 495DD8E8299A1F1200FD185E /* CurrentPriceViewModel.swift */; };
		49959F4329878DEF00FC087F /* UpdateViewController.swift in Sources */ = {isa = PBXBuildFile; fileRef = 49959F4229878DEF00FC087F /* UpdateViewController.swift */; };
		49A371C229949F0E00B28B73 /* PopupContentView.swift in Sources */ = {isa = PBXBuildFile; fileRef = 49A371C129949F0E00B28B73 /* PopupContentView.swift */; };
		49A371C42994A94E00B28B73 /* PopupViewController.swift in Sources */ = {isa = PBXBuildFile; fileRef = 49A371C32994A94E00B28B73 /* PopupViewController.swift */; };
		49A58508298B45510070D8CC /* RootViewController.swift in Sources */ = {isa = PBXBuildFile; fileRef = 49A58507298B45510070D8CC /* RootViewController.swift */; };
		49A5850A298B46320070D8CC /* RootViewModel.swift in Sources */ = {isa = PBXBuildFile; fileRef = 49A58509298B46320070D8CC /* RootViewModel.swift */; };
		49AF930A2980F91D009F8A58 /* AppDelegate.swift in Sources */ = {isa = PBXBuildFile; fileRef = 49AF93092980F91D009F8A58 /* AppDelegate.swift */; };
		49AF930C2980F91D009F8A58 /* SceneDelegate.swift in Sources */ = {isa = PBXBuildFile; fileRef = 49AF930B2980F91D009F8A58 /* SceneDelegate.swift */; };
		49AF930E2980F91D009F8A58 /* InterestViewController.swift in Sources */ = {isa = PBXBuildFile; fileRef = 49AF930D2980F91D009F8A58 /* InterestViewController.swift */; };
		49AF93132980F920009F8A58 /* Assets.xcassets in Resources */ = {isa = PBXBuildFile; fileRef = 49AF93122980F920009F8A58 /* Assets.xcassets */; };
		49AF93162980F920009F8A58 /* LaunchScreen.storyboard in Resources */ = {isa = PBXBuildFile; fileRef = 49AF93142980F920009F8A58 /* LaunchScreen.storyboard */; };
		49AF931F2980FA06009F8A58 /* SnapKit in Frameworks */ = {isa = PBXBuildFile; productRef = 49AF931E2980FA06009F8A58 /* SnapKit */; };
		49AF93212980FB0C009F8A58 /* CurrentPriceCollectionViewCell.swift in Sources */ = {isa = PBXBuildFile; fileRef = 49AF93202980FB0C009F8A58 /* CurrentPriceCollectionViewCell.swift */; };
		49AF932529810974009F8A58 /* SeparatorView.swift in Sources */ = {isa = PBXBuildFile; fileRef = 49AF932429810974009F8A58 /* SeparatorView.swift */; };
		49AF932729810CB4009F8A58 /* DynamicFlowLayout.swift in Sources */ = {isa = PBXBuildFile; fileRef = 49AF932629810CB4009F8A58 /* DynamicFlowLayout.swift */; };
		49AF932A29811005009F8A58 /* Alamofire in Frameworks */ = {isa = PBXBuildFile; productRef = 49AF932929811005009F8A58 /* Alamofire */; };
		49AF932C298111FE009F8A58 /* InterestViewModel.swift in Sources */ = {isa = PBXBuildFile; fileRef = 49AF932B298111FE009F8A58 /* InterestViewModel.swift */; };
		49AF932F29811219009F8A58 /* RxCocoa in Frameworks */ = {isa = PBXBuildFile; productRef = 49AF932E29811219009F8A58 /* RxCocoa */; };
		49AF933129811219009F8A58 /* RxSwift in Frameworks */ = {isa = PBXBuildFile; productRef = 49AF933029811219009F8A58 /* RxSwift */; };
		49AF9335298113B5009F8A58 /* Service.swift in Sources */ = {isa = PBXBuildFile; fileRef = 49AF9334298113B5009F8A58 /* Service.swift */; };
		49CDEBE72988C2EA00E456DF /* UpdateViewModel.swift in Sources */ = {isa = PBXBuildFile; fileRef = 49CDEBE62988C2EA00E456DF /* UpdateViewModel.swift */; };
		49CDEBE92988E4E100E456DF /* UpdateRepository.swift in Sources */ = {isa = PBXBuildFile; fileRef = 49CDEBE82988E4E100E456DF /* UpdateRepository.swift */; };
		49CDEBEB2988ED7A00E456DF /* MasterParser.swift in Sources */ = {isa = PBXBuildFile; fileRef = 49CDEBEA2988ED7A00E456DF /* MasterParser.swift */; };
		49CDEBED2988EE5E00E456DF /* StockModel.swift in Sources */ = {isa = PBXBuildFile; fileRef = 49CDEBEC2988EE5E00E456DF /* StockModel.swift */; };
		49CDEBEF2988F58D00E456DF /* MasterModel.swift in Sources */ = {isa = PBXBuildFile; fileRef = 49CDEBEE2988F58D00E456DF /* MasterModel.swift */; };
		49DE3FF429A480650007EF2C /* MenuCollectionView.swift in Sources */ = {isa = PBXBuildFile; fileRef = 49DE3FF329A480650007EF2C /* MenuCollectionView.swift */; };
		49DE3FF629A482840007EF2C /* MenuCollectionViewCell.swift in Sources */ = {isa = PBXBuildFile; fileRef = 49DE3FF529A482840007EF2C /* MenuCollectionViewCell.swift */; };
		49EB40F02993520C00BC108A /* InterestRepository.swift in Sources */ = {isa = PBXBuildFile; fileRef = 49EB40EF2993520C00BC108A /* InterestRepository.swift */; };
		49EB40F2299353B700BC108A /* CommonResponseModel.swift in Sources */ = {isa = PBXBuildFile; fileRef = 49EB40F1299353B700BC108A /* CommonResponseModel.swift */; };
		49EB40F4299354D900BC108A /* InterestAddResponseModel.swift in Sources */ = {isa = PBXBuildFile; fileRef = 49EB40F3299354D900BC108A /* InterestAddResponseModel.swift */; };
		49FE948529921C640081544C /* CurrentPriceEntity.swift in Sources */ = {isa = PBXBuildFile; fileRef = 49FE948429921C640081544C /* CurrentPriceEntity.swift */; };
		49FE948729922F740081544C /* InterestListResponseEntity.swift in Sources */ = {isa = PBXBuildFile; fileRef = 49FE948629922F740081544C /* InterestListResponseEntity.swift */; };
		49FE94892992341B0081544C /* InterestStockModel.swift in Sources */ = {isa = PBXBuildFile; fileRef = 49FE94882992341B0081544C /* InterestStockModel.swift */; };
/* End PBXBuildFile section */

/* Begin PBXFileReference section */
		490093832981FD8600548588 /* StockRepository.swift */ = {isa = PBXFileReference; lastKnownFileType = sourcecode.swift; path = StockRepository.swift; sourceTree = "<group>"; };
		490093852982066700548588 /* URLInfo.swift */ = {isa = PBXFileReference; lastKnownFileType = sourcecode.swift; path = URLInfo.swift; sourceTree = "<group>"; };
		4900938729820BF000548588 /* Constants.swift */ = {isa = PBXFileReference; lastKnownFileType = sourcecode.swift; path = Constants.swift; sourceTree = "<group>"; };
		490093962982187A00548588 /* CurrentPriceModel.swift */ = {isa = PBXFileReference; lastKnownFileType = sourcecode.swift; path = CurrentPriceModel.swift; sourceTree = "<group>"; };
		4900939B298251C400548588 /* SocketIOManager.swift */ = {isa = PBXFileReference; lastKnownFileType = sourcecode.swift; path = SocketIOManager.swift; sourceTree = "<group>"; };
		4900939D298264B700548588 /* SiseModel.swift */ = {isa = PBXFileReference; lastKnownFileType = sourcecode.swift; path = SiseModel.swift; sourceTree = "<group>"; };
		490E6FDD298C83380035470A /* SearchViewController.swift */ = {isa = PBXFileReference; lastKnownFileType = sourcecode.swift; path = SearchViewController.swift; sourceTree = "<group>"; };
		490E6FE1298C84500035470A /* PresentTopView.swift */ = {isa = PBXFileReference; lastKnownFileType = sourcecode.swift; path = PresentTopView.swift; sourceTree = "<group>"; };
		490E6FE3298C96320035470A /* SearchViewModel.swift */ = {isa = PBXFileReference; lastKnownFileType = sourcecode.swift; path = SearchViewModel.swift; sourceTree = "<group>"; };
		490E6FE5298C9F040035470A /* StockTableViewCell.swift */ = {isa = PBXFileReference; lastKnownFileType = sourcecode.swift; path = StockTableViewCell.swift; sourceTree = "<group>"; };
		494162E3299AFBDA0086B608 /* TopInfoView.swift */ = {isa = PBXFileReference; lastKnownFileType = sourcecode.swift; path = TopInfoView.swift; sourceTree = "<group>"; };
		494162E6299B03B60086B608 /* DynamicHeightFlowLayout.swift */ = {isa = PBXFileReference; lastKnownFileType = sourcecode.swift; path = DynamicHeightFlowLayout.swift; sourceTree = "<group>"; };
		494DE2EE2990CBAA0065BE1A /* InterestStockManager.swift */ = {isa = PBXFileReference; lastKnownFileType = sourcecode.swift; path = InterestStockManager.swift; sourceTree = "<group>"; };
		4953A63829A5BFA800CF3BE2 /* ContentCollectionView.swift */ = {isa = PBXFileReference; lastKnownFileType = sourcecode.swift; path = ContentCollectionView.swift; sourceTree = "<group>"; };
		4953A63A29A5C38300CF3BE2 /* ContentCollectionViewCell.swift */ = {isa = PBXFileReference; lastKnownFileType = sourcecode.swift; path = ContentCollectionViewCell.swift; sourceTree = "<group>"; };
		495DD8E6299A0D7F00FD185E /* CurrentPriceViewController.swift */ = {isa = PBXFileReference; lastKnownFileType = sourcecode.swift; path = CurrentPriceViewController.swift; sourceTree = "<group>"; };
		495DD8E8299A1F1200FD185E /* CurrentPriceViewModel.swift */ = {isa = PBXFileReference; lastKnownFileType = sourcecode.swift; path = CurrentPriceViewModel.swift; sourceTree = "<group>"; };
		49959F4229878DEF00FC087F /* UpdateViewController.swift */ = {isa = PBXFileReference; lastKnownFileType = sourcecode.swift; path = UpdateViewController.swift; sourceTree = "<group>"; };
		49A371C129949F0E00B28B73 /* PopupContentView.swift */ = {isa = PBXFileReference; lastKnownFileType = sourcecode.swift; path = PopupContentView.swift; sourceTree = "<group>"; };
		49A371C32994A94E00B28B73 /* PopupViewController.swift */ = {isa = PBXFileReference; lastKnownFileType = sourcecode.swift; path = PopupViewController.swift; sourceTree = "<group>"; };
		49A58507298B45510070D8CC /* RootViewController.swift */ = {isa = PBXFileReference; lastKnownFileType = sourcecode.swift; path = RootViewController.swift; sourceTree = "<group>"; };
		49A58509298B46320070D8CC /* RootViewModel.swift */ = {isa = PBXFileReference; lastKnownFileType = sourcecode.swift; path = RootViewModel.swift; sourceTree = "<group>"; };
		49AF93062980F91D009F8A58 /* SiseWebSocketSample.app */ = {isa = PBXFileReference; explicitFileType = wrapper.application; includeInIndex = 0; path = SiseWebSocketSample.app; sourceTree = BUILT_PRODUCTS_DIR; };
		49AF93092980F91D009F8A58 /* AppDelegate.swift */ = {isa = PBXFileReference; lastKnownFileType = sourcecode.swift; path = AppDelegate.swift; sourceTree = "<group>"; };
		49AF930B2980F91D009F8A58 /* SceneDelegate.swift */ = {isa = PBXFileReference; lastKnownFileType = sourcecode.swift; path = SceneDelegate.swift; sourceTree = "<group>"; };
		49AF930D2980F91D009F8A58 /* InterestViewController.swift */ = {isa = PBXFileReference; lastKnownFileType = sourcecode.swift; path = InterestViewController.swift; sourceTree = "<group>"; };
		49AF93122980F920009F8A58 /* Assets.xcassets */ = {isa = PBXFileReference; lastKnownFileType = folder.assetcatalog; path = Assets.xcassets; sourceTree = "<group>"; };
		49AF93152980F920009F8A58 /* Base */ = {isa = PBXFileReference; lastKnownFileType = file.storyboard; name = Base; path = Base.lproj/LaunchScreen.storyboard; sourceTree = "<group>"; };
		49AF93172980F920009F8A58 /* Info.plist */ = {isa = PBXFileReference; lastKnownFileType = text.plist.xml; path = Info.plist; sourceTree = "<group>"; };
		49AF93202980FB0C009F8A58 /* CurrentPriceCollectionViewCell.swift */ = {isa = PBXFileReference; lastKnownFileType = sourcecode.swift; path = CurrentPriceCollectionViewCell.swift; sourceTree = "<group>"; };
		49AF932429810974009F8A58 /* SeparatorView.swift */ = {isa = PBXFileReference; lastKnownFileType = sourcecode.swift; path = SeparatorView.swift; sourceTree = "<group>"; };
		49AF932629810CB4009F8A58 /* DynamicFlowLayout.swift */ = {isa = PBXFileReference; lastKnownFileType = sourcecode.swift; path = DynamicFlowLayout.swift; sourceTree = "<group>"; };
		49AF932B298111FE009F8A58 /* InterestViewModel.swift */ = {isa = PBXFileReference; lastKnownFileType = sourcecode.swift; path = InterestViewModel.swift; sourceTree = "<group>"; };
		49AF9334298113B5009F8A58 /* Service.swift */ = {isa = PBXFileReference; lastKnownFileType = sourcecode.swift; path = Service.swift; sourceTree = "<group>"; };
		49CDEBE62988C2EA00E456DF /* UpdateViewModel.swift */ = {isa = PBXFileReference; lastKnownFileType = sourcecode.swift; path = UpdateViewModel.swift; sourceTree = "<group>"; };
		49CDEBE82988E4E100E456DF /* UpdateRepository.swift */ = {isa = PBXFileReference; lastKnownFileType = sourcecode.swift; path = UpdateRepository.swift; sourceTree = "<group>"; };
		49CDEBEA2988ED7A00E456DF /* MasterParser.swift */ = {isa = PBXFileReference; lastKnownFileType = sourcecode.swift; path = MasterParser.swift; sourceTree = "<group>"; };
		49CDEBEC2988EE5E00E456DF /* StockModel.swift */ = {isa = PBXFileReference; lastKnownFileType = sourcecode.swift; path = StockModel.swift; sourceTree = "<group>"; };
		49CDEBEE2988F58D00E456DF /* MasterModel.swift */ = {isa = PBXFileReference; lastKnownFileType = sourcecode.swift; path = MasterModel.swift; sourceTree = "<group>"; };
		49DE3FF329A480650007EF2C /* MenuCollectionView.swift */ = {isa = PBXFileReference; lastKnownFileType = sourcecode.swift; path = MenuCollectionView.swift; sourceTree = "<group>"; };
		49DE3FF529A482840007EF2C /* MenuCollectionViewCell.swift */ = {isa = PBXFileReference; lastKnownFileType = sourcecode.swift; path = MenuCollectionViewCell.swift; sourceTree = "<group>"; };
		49EB40EF2993520C00BC108A /* InterestRepository.swift */ = {isa = PBXFileReference; lastKnownFileType = sourcecode.swift; path = InterestRepository.swift; sourceTree = "<group>"; };
		49EB40F1299353B700BC108A /* CommonResponseModel.swift */ = {isa = PBXFileReference; lastKnownFileType = sourcecode.swift; path = CommonResponseModel.swift; sourceTree = "<group>"; };
		49EB40F3299354D900BC108A /* InterestAddResponseModel.swift */ = {isa = PBXFileReference; lastKnownFileType = sourcecode.swift; path = InterestAddResponseModel.swift; sourceTree = "<group>"; };
		49FE948429921C640081544C /* CurrentPriceEntity.swift */ = {isa = PBXFileReference; lastKnownFileType = sourcecode.swift; path = CurrentPriceEntity.swift; sourceTree = "<group>"; };
		49FE948629922F740081544C /* InterestListResponseEntity.swift */ = {isa = PBXFileReference; lastKnownFileType = sourcecode.swift; path = InterestListResponseEntity.swift; sourceTree = "<group>"; };
		49FE94882992341B0081544C /* InterestStockModel.swift */ = {isa = PBXFileReference; lastKnownFileType = sourcecode.swift; path = InterestStockModel.swift; sourceTree = "<group>"; };
/* End PBXFileReference section */

/* Begin PBXFrameworksBuildPhase section */
		49AF93032980F91D009F8A58 /* Frameworks */ = {
			isa = PBXFrameworksBuildPhase;
			buildActionMask = 2147483647;
			files = (
				49AF932F29811219009F8A58 /* RxCocoa in Frameworks */,
				49AF931F2980FA06009F8A58 /* SnapKit in Frameworks */,
				49AF933129811219009F8A58 /* RxSwift in Frameworks */,
				490E6FE9298CDF1F0035470A /* RxDataSources in Frameworks */,
				4900939A298250F500548588 /* SocketIO in Frameworks */,
				49AF932A29811005009F8A58 /* Alamofire in Frameworks */,
			);
			runOnlyForDeploymentPostprocessing = 0;
		};
/* End PBXFrameworksBuildPhase section */

/* Begin PBXGroup section */
		4900938929820CFD00548588 /* Service */ = {
			isa = PBXGroup;
			children = (
				49AF9334298113B5009F8A58 /* Service.swift */,
			);
			path = Service;
			sourceTree = "<group>";
		};
		4900938A29820D0200548588 /* Repository */ = {
			isa = PBXGroup;
			children = (
				490093832981FD8600548588 /* StockRepository.swift */,
				49CDEBE82988E4E100E456DF /* UpdateRepository.swift */,
				49EB40EF2993520C00BC108A /* InterestRepository.swift */,
			);
			path = Repository;
			sourceTree = "<group>";
		};
		4900938B29820D0900548588 /* Tools */ = {
			isa = PBXGroup;
			children = (
				490093852982066700548588 /* URLInfo.swift */,
				4900938729820BF000548588 /* Constants.swift */,
			);
			path = Tools;
			sourceTree = "<group>";
		};
		4900938E29820D4F00548588 /* Entity */ = {
			isa = PBXGroup;
			children = (
				49FE948429921C640081544C /* CurrentPriceEntity.swift */,
				49FE948629922F740081544C /* InterestListResponseEntity.swift */,
			);
			path = Entity;
			sourceTree = "<group>";
		};
		490093912982143000548588 /* Library */ = {
			isa = PBXGroup;
			children = (
				490093922982143600548588 /* ViewModels */,
				49CDEBEA2988ED7A00E456DF /* MasterParser.swift */,
				494162E6299B03B60086B608 /* DynamicHeightFlowLayout.swift */,
			);
			path = Library;
			sourceTree = "<group>";
		};
		490093922982143600548588 /* ViewModels */ = {
			isa = PBXGroup;
			children = (
				49AF932B298111FE009F8A58 /* InterestViewModel.swift */,
				49CDEBE62988C2EA00E456DF /* UpdateViewModel.swift */,
				49A58509298B46320070D8CC /* RootViewModel.swift */,
				490E6FE3298C96320035470A /* SearchViewModel.swift */,
				495DD8E8299A1F1200FD185E /* CurrentPriceViewModel.swift */,
			);
			path = ViewModels;
			sourceTree = "<group>";
		};
		490093942982186600548588 /* Resource */ = {
			isa = PBXGroup;
			children = (
				49AF93122980F920009F8A58 /* Assets.xcassets */,
				49AF93142980F920009F8A58 /* LaunchScreen.storyboard */,
				49AF93172980F920009F8A58 /* Info.plist */,
			);
			path = Resource;
			sourceTree = "<group>";
		};
		490093952982186E00548588 /* Model */ = {
			isa = PBXGroup;
			children = (
				4900939D298264B700548588 /* SiseModel.swift */,
				490093962982187A00548588 /* CurrentPriceModel.swift */,
				49CDEBEC2988EE5E00E456DF /* StockModel.swift */,
				49CDEBEE2988F58D00E456DF /* MasterModel.swift */,
				49FE94882992341B0081544C /* InterestStockModel.swift */,
				49EB40F1299353B700BC108A /* CommonResponseModel.swift */,
				49EB40F3299354D900BC108A /* InterestAddResponseModel.swift */,
			);
			path = Model;
			sourceTree = "<group>";
		};
		490E6FDF298C84310035470A /* Search */ = {
			isa = PBXGroup;
			children = (
				490E6FDD298C83380035470A /* SearchViewController.swift */,
				490E6FE5298C9F040035470A /* StockTableViewCell.swift */,
			);
			path = Search;
			sourceTree = "<group>";
		};
		490E6FE0298C84380035470A /* Root */ = {
			isa = PBXGroup;
			children = (
				49A58507298B45510070D8CC /* RootViewController.swift */,
			);
			path = Root;
			sourceTree = "<group>";
		};
		490E6FEA298CDF2B0035470A /* Manager */ = {
			isa = PBXGroup;
			children = (
				4900939B298251C400548588 /* SocketIOManager.swift */,
				494DE2EE2990CBAA0065BE1A /* InterestStockManager.swift */,
			);
			path = Manager;
			sourceTree = "<group>";
		};
		494162E5299AFC190086B608 /* CurrentPrice */ = {
			isa = PBXGroup;
			children = (
				495DD8E6299A0D7F00FD185E /* CurrentPriceViewController.swift */,
				494162E3299AFBDA0086B608 /* TopInfoView.swift */,
				49DE3FF329A480650007EF2C /* MenuCollectionView.swift */,
				49DE3FF529A482840007EF2C /* MenuCollectionViewCell.swift */,
				4953A63829A5BFA800CF3BE2 /* ContentCollectionView.swift */,
				4953A63A29A5C38300CF3BE2 /* ContentCollectionViewCell.swift */,
			);
			path = CurrentPrice;
			sourceTree = "<group>";
		};
		49AF92FD2980F91D009F8A58 = {
			isa = PBXGroup;
			children = (
				49AF93082980F91D009F8A58 /* SiseWebSocketSample */,
				49AF93072980F91D009F8A58 /* Products */,
			);
			sourceTree = "<group>";
		};
		49AF93072980F91D009F8A58 /* Products */ = {
			isa = PBXGroup;
			children = (
				49AF93062980F91D009F8A58 /* SiseWebSocketSample.app */,
			);
			name = Products;
			sourceTree = "<group>";
		};
		49AF93082980F91D009F8A58 /* SiseWebSocketSample */ = {
			isa = PBXGroup;
			children = (
				490093952982186E00548588 /* Model */,
				490093912982143000548588 /* Library */,
				49AF93222981092B009F8A58 /* Delegate */,
				49AF932329810931009F8A58 /* Scene */,
				490093942982186600548588 /* Resource */,
				4900938929820CFD00548588 /* Service */,
				4900938A29820D0200548588 /* Repository */,
				4900938B29820D0900548588 /* Tools */,
				4900938E29820D4F00548588 /* Entity */,
				490E6FEA298CDF2B0035470A /* Manager */,
			);
			path = SiseWebSocketSample;
			sourceTree = "<group>";
		};
		49AF93222981092B009F8A58 /* Delegate */ = {
			isa = PBXGroup;
			children = (
				49AF93092980F91D009F8A58 /* AppDelegate.swift */,
				49AF930B2980F91D009F8A58 /* SceneDelegate.swift */,
			);
			path = Delegate;
			sourceTree = "<group>";
		};
		49AF932329810931009F8A58 /* Scene */ = {
			isa = PBXGroup;
			children = (
				49CDEBE32988C27D00E456DF /* CustomViews */,
				49CDEBE42988C29C00E456DF /* Interest */,
				49CDEBE52988C2B700E456DF /* Update */,
				490E6FE0298C84380035470A /* Root */,
				490E6FDF298C84310035470A /* Search */,
				494162E5299AFC190086B608 /* CurrentPrice */,
			);
			path = Scene;
			sourceTree = "<group>";
		};
		49CDEBE32988C27D00E456DF /* CustomViews */ = {
			isa = PBXGroup;
			children = (
				49AF932429810974009F8A58 /* SeparatorView.swift */,
				49AF932629810CB4009F8A58 /* DynamicFlowLayout.swift */,
				490E6FE1298C84500035470A /* PresentTopView.swift */,
				49A371C129949F0E00B28B73 /* PopupContentView.swift */,
				49A371C32994A94E00B28B73 /* PopupViewController.swift */,
			);
			path = CustomViews;
			sourceTree = "<group>";
		};
		49CDEBE42988C29C00E456DF /* Interest */ = {
			isa = PBXGroup;
			children = (
				49AF930D2980F91D009F8A58 /* InterestViewController.swift */,
				49AF93202980FB0C009F8A58 /* CurrentPriceCollectionViewCell.swift */,
			);
			path = Interest;
			sourceTree = "<group>";
		};
		49CDEBE52988C2B700E456DF /* Update */ = {
			isa = PBXGroup;
			children = (
				49959F4229878DEF00FC087F /* UpdateViewController.swift */,
			);
			path = Update;
			sourceTree = "<group>";
		};
/* End PBXGroup section */

/* Begin PBXNativeTarget section */
		49AF93052980F91D009F8A58 /* SiseWebSocketSample */ = {
			isa = PBXNativeTarget;
			buildConfigurationList = 49AF931A2980F920009F8A58 /* Build configuration list for PBXNativeTarget "SiseWebSocketSample" */;
			buildPhases = (
				49AF93022980F91D009F8A58 /* Sources */,
				49AF93032980F91D009F8A58 /* Frameworks */,
				49AF93042980F91D009F8A58 /* Resources */,
			);
			buildRules = (
			);
			dependencies = (
			);
			name = SiseWebSocketSample;
			packageProductDependencies = (
				49AF931E2980FA06009F8A58 /* SnapKit */,
				49AF932929811005009F8A58 /* Alamofire */,
				49AF932E29811219009F8A58 /* RxCocoa */,
				49AF933029811219009F8A58 /* RxSwift */,
				49009399298250F500548588 /* SocketIO */,
				490E6FE8298CDF1F0035470A /* RxDataSources */,
			);
			productName = SiseWebSocketSample;
			productReference = 49AF93062980F91D009F8A58 /* SiseWebSocketSample.app */;
			productType = "com.apple.product-type.application";
		};
/* End PBXNativeTarget section */

/* Begin PBXProject section */
		49AF92FE2980F91D009F8A58 /* Project object */ = {
			isa = PBXProject;
			attributes = {
				BuildIndependentTargetsInParallel = 1;
				LastSwiftUpdateCheck = 1340;
				LastUpgradeCheck = 1340;
				TargetAttributes = {
					49AF93052980F91D009F8A58 = {
						CreatedOnToolsVersion = 13.4.1;
					};
				};
			};
			buildConfigurationList = 49AF93012980F91D009F8A58 /* Build configuration list for PBXProject "SiseWebSocketSample" */;
			compatibilityVersion = "Xcode 13.0";
			developmentRegion = en;
			hasScannedForEncodings = 0;
			knownRegions = (
				en,
				Base,
			);
			mainGroup = 49AF92FD2980F91D009F8A58;
			packageReferences = (
				49AF931D2980FA06009F8A58 /* XCRemoteSwiftPackageReference "SnapKit" */,
				49AF932829811005009F8A58 /* XCRemoteSwiftPackageReference "Alamofire" */,
				49AF932D29811219009F8A58 /* XCRemoteSwiftPackageReference "RxSwift" */,
				49009398298250F500548588 /* XCRemoteSwiftPackageReference "socket" */,
				490E6FE7298CDF1E0035470A /* XCRemoteSwiftPackageReference "RxDataSources" */,
			);
			productRefGroup = 49AF93072980F91D009F8A58 /* Products */;
			projectDirPath = "";
			projectRoot = "";
			targets = (
				49AF93052980F91D009F8A58 /* SiseWebSocketSample */,
			);
		};
/* End PBXProject section */

/* Begin PBXResourcesBuildPhase section */
		49AF93042980F91D009F8A58 /* Resources */ = {
			isa = PBXResourcesBuildPhase;
			buildActionMask = 2147483647;
			files = (
				49AF93162980F920009F8A58 /* LaunchScreen.storyboard in Resources */,
				49AF93132980F920009F8A58 /* Assets.xcassets in Resources */,
			);
			runOnlyForDeploymentPostprocessing = 0;
		};
/* End PBXResourcesBuildPhase section */

/* Begin PBXSourcesBuildPhase section */
		49AF93022980F91D009F8A58 /* Sources */ = {
			isa = PBXSourcesBuildPhase;
			buildActionMask = 2147483647;
			files = (
				49FE948729922F740081544C /* InterestListResponseEntity.swift in Sources */,
				49AF93212980FB0C009F8A58 /* CurrentPriceCollectionViewCell.swift in Sources */,
				49FE948529921C640081544C /* CurrentPriceEntity.swift in Sources */,
				4953A63B29A5C38300CF3BE2 /* ContentCollectionViewCell.swift in Sources */,
				4900938829820BF000548588 /* Constants.swift in Sources */,
				494162E7299B03B60086B608 /* DynamicHeightFlowLayout.swift in Sources */,
				49A5850A298B46320070D8CC /* RootViewModel.swift in Sources */,
				490093972982187A00548588 /* CurrentPriceModel.swift in Sources */,
				49CDEBE72988C2EA00E456DF /* UpdateViewModel.swift in Sources */,
				49CDEBE92988E4E100E456DF /* UpdateRepository.swift in Sources */,
				49AF930E2980F91D009F8A58 /* InterestViewController.swift in Sources */,
				49AF932529810974009F8A58 /* SeparatorView.swift in Sources */,
				49FE94892992341B0081544C /* InterestStockModel.swift in Sources */,
				49AF930A2980F91D009F8A58 /* AppDelegate.swift in Sources */,
				495DD8E7299A0D7F00FD185E /* CurrentPriceViewController.swift in Sources */,
				4953A63929A5BFA800CF3BE2 /* ContentCollectionView.swift in Sources */,
				49AF9335298113B5009F8A58 /* Service.swift in Sources */,
				49DE3FF429A480650007EF2C /* MenuCollectionView.swift in Sources */,
				49DE3FF629A482840007EF2C /* MenuCollectionViewCell.swift in Sources */,
				494DE2EF2990CBAA0065BE1A /* InterestStockManager.swift in Sources */,
				490E6FE2298C84500035470A /* PresentTopView.swift in Sources */,
				495DD8E9299A1F1200FD185E /* CurrentPriceViewModel.swift in Sources */,
				49CDEBEB2988ED7A00E456DF /* MasterParser.swift in Sources */,
				49CDEBEF2988F58D00E456DF /* MasterModel.swift in Sources */,
				49959F4329878DEF00FC087F /* UpdateViewController.swift in Sources */,
				494162E4299AFBDA0086B608 /* TopInfoView.swift in Sources */,
				490093862982066700548588 /* URLInfo.swift in Sources */,
				49A58508298B45510070D8CC /* RootViewController.swift in Sources */,
				49A371C42994A94E00B28B73 /* PopupViewController.swift in Sources */,
				4900939E298264B700548588 /* SiseModel.swift in Sources */,
				49EB40F4299354D900BC108A /* InterestAddResponseModel.swift in Sources */,
				490E6FE4298C96320035470A /* SearchViewModel.swift in Sources */,
				49AF932C298111FE009F8A58 /* InterestViewModel.swift in Sources */,
				490E6FDE298C83380035470A /* SearchViewController.swift in Sources */,
				4900939C298251C400548588 /* SocketIOManager.swift in Sources */,
				490E6FE6298C9F040035470A /* StockTableViewCell.swift in Sources */,
				49A371C229949F0E00B28B73 /* PopupContentView.swift in Sources */,
				49CDEBED2988EE5E00E456DF /* StockModel.swift in Sources */,
				490093842981FD8600548588 /* StockRepository.swift in Sources */,
				49AF930C2980F91D009F8A58 /* SceneDelegate.swift in Sources */,
				49EB40F2299353B700BC108A /* CommonResponseModel.swift in Sources */,
				49AF932729810CB4009F8A58 /* DynamicFlowLayout.swift in Sources */,
				49EB40F02993520C00BC108A /* InterestRepository.swift in Sources */,
			);
			runOnlyForDeploymentPostprocessing = 0;
		};
/* End PBXSourcesBuildPhase section */

/* Begin PBXVariantGroup section */
		49AF93142980F920009F8A58 /* LaunchScreen.storyboard */ = {
			isa = PBXVariantGroup;
			children = (
				49AF93152980F920009F8A58 /* Base */,
			);
			name = LaunchScreen.storyboard;
			sourceTree = "<group>";
		};
/* End PBXVariantGroup section */

/* Begin XCBuildConfiguration section */
		49AF93182980F920009F8A58 /* Debug */ = {
			isa = XCBuildConfiguration;
			buildSettings = {
				ALWAYS_SEARCH_USER_PATHS = NO;
				CLANG_ANALYZER_NONNULL = YES;
				CLANG_ANALYZER_NUMBER_OBJECT_CONVERSION = YES_AGGRESSIVE;
				CLANG_CXX_LANGUAGE_STANDARD = "gnu++17";
				CLANG_ENABLE_MODULES = YES;
				CLANG_ENABLE_OBJC_ARC = YES;
				CLANG_ENABLE_OBJC_WEAK = YES;
				CLANG_WARN_BLOCK_CAPTURE_AUTORELEASING = YES;
				CLANG_WARN_BOOL_CONVERSION = YES;
				CLANG_WARN_COMMA = YES;
				CLANG_WARN_CONSTANT_CONVERSION = YES;
				CLANG_WARN_DEPRECATED_OBJC_IMPLEMENTATIONS = YES;
				CLANG_WARN_DIRECT_OBJC_ISA_USAGE = YES_ERROR;
				CLANG_WARN_DOCUMENTATION_COMMENTS = YES;
				CLANG_WARN_EMPTY_BODY = YES;
				CLANG_WARN_ENUM_CONVERSION = YES;
				CLANG_WARN_INFINITE_RECURSION = YES;
				CLANG_WARN_INT_CONVERSION = YES;
				CLANG_WARN_NON_LITERAL_NULL_CONVERSION = YES;
				CLANG_WARN_OBJC_IMPLICIT_RETAIN_SELF = YES;
				CLANG_WARN_OBJC_LITERAL_CONVERSION = YES;
				CLANG_WARN_OBJC_ROOT_CLASS = YES_ERROR;
				CLANG_WARN_QUOTED_INCLUDE_IN_FRAMEWORK_HEADER = YES;
				CLANG_WARN_RANGE_LOOP_ANALYSIS = YES;
				CLANG_WARN_STRICT_PROTOTYPES = YES;
				CLANG_WARN_SUSPICIOUS_MOVE = YES;
				CLANG_WARN_UNGUARDED_AVAILABILITY = YES_AGGRESSIVE;
				CLANG_WARN_UNREACHABLE_CODE = YES;
				CLANG_WARN__DUPLICATE_METHOD_MATCH = YES;
				COPY_PHASE_STRIP = NO;
				DEBUG_INFORMATION_FORMAT = dwarf;
				ENABLE_STRICT_OBJC_MSGSEND = YES;
				ENABLE_TESTABILITY = YES;
				GCC_C_LANGUAGE_STANDARD = gnu11;
				GCC_DYNAMIC_NO_PIC = NO;
				GCC_NO_COMMON_BLOCKS = YES;
				GCC_OPTIMIZATION_LEVEL = 0;
				GCC_PREPROCESSOR_DEFINITIONS = (
					"DEBUG=1",
					"$(inherited)",
				);
				GCC_WARN_64_TO_32_BIT_CONVERSION = YES;
				GCC_WARN_ABOUT_RETURN_TYPE = YES_ERROR;
				GCC_WARN_UNDECLARED_SELECTOR = YES;
				GCC_WARN_UNINITIALIZED_AUTOS = YES_AGGRESSIVE;
				GCC_WARN_UNUSED_FUNCTION = YES;
				GCC_WARN_UNUSED_VARIABLE = YES;
				IPHONEOS_DEPLOYMENT_TARGET = 15.5;
				MTL_ENABLE_DEBUG_INFO = INCLUDE_SOURCE;
				MTL_FAST_MATH = YES;
				ONLY_ACTIVE_ARCH = YES;
				SDKROOT = iphoneos;
				SWIFT_ACTIVE_COMPILATION_CONDITIONS = DEBUG;
				SWIFT_OPTIMIZATION_LEVEL = "-Onone";
			};
			name = Debug;
		};
		49AF93192980F920009F8A58 /* Release */ = {
			isa = XCBuildConfiguration;
			buildSettings = {
				ALWAYS_SEARCH_USER_PATHS = NO;
				CLANG_ANALYZER_NONNULL = YES;
				CLANG_ANALYZER_NUMBER_OBJECT_CONVERSION = YES_AGGRESSIVE;
				CLANG_CXX_LANGUAGE_STANDARD = "gnu++17";
				CLANG_ENABLE_MODULES = YES;
				CLANG_ENABLE_OBJC_ARC = YES;
				CLANG_ENABLE_OBJC_WEAK = YES;
				CLANG_WARN_BLOCK_CAPTURE_AUTORELEASING = YES;
				CLANG_WARN_BOOL_CONVERSION = YES;
				CLANG_WARN_COMMA = YES;
				CLANG_WARN_CONSTANT_CONVERSION = YES;
				CLANG_WARN_DEPRECATED_OBJC_IMPLEMENTATIONS = YES;
				CLANG_WARN_DIRECT_OBJC_ISA_USAGE = YES_ERROR;
				CLANG_WARN_DOCUMENTATION_COMMENTS = YES;
				CLANG_WARN_EMPTY_BODY = YES;
				CLANG_WARN_ENUM_CONVERSION = YES;
				CLANG_WARN_INFINITE_RECURSION = YES;
				CLANG_WARN_INT_CONVERSION = YES;
				CLANG_WARN_NON_LITERAL_NULL_CONVERSION = YES;
				CLANG_WARN_OBJC_IMPLICIT_RETAIN_SELF = YES;
				CLANG_WARN_OBJC_LITERAL_CONVERSION = YES;
				CLANG_WARN_OBJC_ROOT_CLASS = YES_ERROR;
				CLANG_WARN_QUOTED_INCLUDE_IN_FRAMEWORK_HEADER = YES;
				CLANG_WARN_RANGE_LOOP_ANALYSIS = YES;
				CLANG_WARN_STRICT_PROTOTYPES = YES;
				CLANG_WARN_SUSPICIOUS_MOVE = YES;
				CLANG_WARN_UNGUARDED_AVAILABILITY = YES_AGGRESSIVE;
				CLANG_WARN_UNREACHABLE_CODE = YES;
				CLANG_WARN__DUPLICATE_METHOD_MATCH = YES;
				COPY_PHASE_STRIP = NO;
				DEBUG_INFORMATION_FORMAT = "dwarf-with-dsym";
				ENABLE_NS_ASSERTIONS = NO;
				ENABLE_STRICT_OBJC_MSGSEND = YES;
				GCC_C_LANGUAGE_STANDARD = gnu11;
				GCC_NO_COMMON_BLOCKS = YES;
				GCC_WARN_64_TO_32_BIT_CONVERSION = YES;
				GCC_WARN_ABOUT_RETURN_TYPE = YES_ERROR;
				GCC_WARN_UNDECLARED_SELECTOR = YES;
				GCC_WARN_UNINITIALIZED_AUTOS = YES_AGGRESSIVE;
				GCC_WARN_UNUSED_FUNCTION = YES;
				GCC_WARN_UNUSED_VARIABLE = YES;
				IPHONEOS_DEPLOYMENT_TARGET = 15.5;
				MTL_ENABLE_DEBUG_INFO = NO;
				MTL_FAST_MATH = YES;
				SDKROOT = iphoneos;
				SWIFT_COMPILATION_MODE = wholemodule;
				SWIFT_OPTIMIZATION_LEVEL = "-O";
				VALIDATE_PRODUCT = YES;
			};
			name = Release;
		};
		49AF931B2980F920009F8A58 /* Debug */ = {
			isa = XCBuildConfiguration;
			buildSettings = {
				ASSETCATALOG_COMPILER_APPICON_NAME = AppIcon;
				ASSETCATALOG_COMPILER_GLOBAL_ACCENT_COLOR_NAME = AccentColor;
				CODE_SIGN_STYLE = Automatic;
				CURRENT_PROJECT_VERSION = 1;
				DEVELOPMENT_TEAM = HDFLLXK789;
				GENERATE_INFOPLIST_FILE = YES;
				INFOPLIST_FILE = SiseWebSocketSample/Resource/Info.plist;
				INFOPLIST_KEY_UIApplicationSupportsIndirectInputEvents = YES;
				INFOPLIST_KEY_UILaunchStoryboardName = LaunchScreen;
				INFOPLIST_KEY_UIMainStoryboardFile = "";
				INFOPLIST_KEY_UISupportedInterfaceOrientations_iPad = "UIInterfaceOrientationPortrait UIInterfaceOrientationPortraitUpsideDown UIInterfaceOrientationLandscapeLeft UIInterfaceOrientationLandscapeRight";
				INFOPLIST_KEY_UISupportedInterfaceOrientations_iPhone = "UIInterfaceOrientationPortrait UIInterfaceOrientationLandscapeLeft UIInterfaceOrientationLandscapeRight";
				LD_RUNPATH_SEARCH_PATHS = (
					"$(inherited)",
					"@executable_path/Frameworks",
				);
				MARKETING_VERSION = 1.0;
				PRODUCT_BUNDLE_IDENTIFIER = com.ycompany.SiseWebSocketSample;
				PRODUCT_NAME = "$(TARGET_NAME)";
				SWIFT_EMIT_LOC_STRINGS = YES;
				SWIFT_VERSION = 5.0;
				TARGETED_DEVICE_FAMILY = "1,2";
			};
			name = Debug;
		};
		49AF931C2980F920009F8A58 /* Release */ = {
			isa = XCBuildConfiguration;
			buildSettings = {
				ASSETCATALOG_COMPILER_APPICON_NAME = AppIcon;
				ASSETCATALOG_COMPILER_GLOBAL_ACCENT_COLOR_NAME = AccentColor;
				CODE_SIGN_STYLE = Automatic;
				CURRENT_PROJECT_VERSION = 1;
				DEVELOPMENT_TEAM = HDFLLXK789;
				GENERATE_INFOPLIST_FILE = YES;
				INFOPLIST_FILE = SiseWebSocketSample/Resource/Info.plist;
				INFOPLIST_KEY_UIApplicationSupportsIndirectInputEvents = YES;
				INFOPLIST_KEY_UILaunchStoryboardName = LaunchScreen;
				INFOPLIST_KEY_UIMainStoryboardFile = "";
				INFOPLIST_KEY_UISupportedInterfaceOrientations_iPad = "UIInterfaceOrientationPortrait UIInterfaceOrientationPortraitUpsideDown UIInterfaceOrientationLandscapeLeft UIInterfaceOrientationLandscapeRight";
				INFOPLIST_KEY_UISupportedInterfaceOrientations_iPhone = "UIInterfaceOrientationPortrait UIInterfaceOrientationLandscapeLeft UIInterfaceOrientationLandscapeRight";
				LD_RUNPATH_SEARCH_PATHS = (
					"$(inherited)",
					"@executable_path/Frameworks",
				);
				MARKETING_VERSION = 1.0;
				PRODUCT_BUNDLE_IDENTIFIER = com.ycompany.SiseWebSocketSample;
				PRODUCT_NAME = "$(TARGET_NAME)";
				SWIFT_EMIT_LOC_STRINGS = YES;
				SWIFT_VERSION = 5.0;
				TARGETED_DEVICE_FAMILY = "1,2";
			};
			name = Release;
		};
/* End XCBuildConfiguration section */

/* Begin XCConfigurationList section */
		49AF93012980F91D009F8A58 /* Build configuration list for PBXProject "SiseWebSocketSample" */ = {
			isa = XCConfigurationList;
			buildConfigurations = (
				49AF93182980F920009F8A58 /* Debug */,
				49AF93192980F920009F8A58 /* Release */,
			);
			defaultConfigurationIsVisible = 0;
			defaultConfigurationName = Release;
		};
		49AF931A2980F920009F8A58 /* Build configuration list for PBXNativeTarget "SiseWebSocketSample" */ = {
			isa = XCConfigurationList;
			buildConfigurations = (
				49AF931B2980F920009F8A58 /* Debug */,
				49AF931C2980F920009F8A58 /* Release */,
			);
			defaultConfigurationIsVisible = 0;
			defaultConfigurationName = Release;
		};
/* End XCConfigurationList section */

/* Begin XCRemoteSwiftPackageReference section */
		49009398298250F500548588 /* XCRemoteSwiftPackageReference "socket" */ = {
			isa = XCRemoteSwiftPackageReference;
			repositoryURL = "https://github.com/socketio/socket.io-client-swift";
			requirement = {
				branch = master;
				kind = branch;
			};
		};
		490E6FE7298CDF1E0035470A /* XCRemoteSwiftPackageReference "RxDataSources" */ = {
			isa = XCRemoteSwiftPackageReference;
			repositoryURL = "https://github.com/RxSwiftCommunity/RxDataSources.git";
			requirement = {
				kind = upToNextMajorVersion;
				minimumVersion = 5.0.0;
			};
		};
		49AF931D2980FA06009F8A58 /* XCRemoteSwiftPackageReference "SnapKit" */ = {
			isa = XCRemoteSwiftPackageReference;
			repositoryURL = "https://github.com/SnapKit/SnapKit.git";
			requirement = {
				kind = upToNextMajorVersion;
				minimumVersion = 5.0.0;
			};
		};
		49AF932829811005009F8A58 /* XCRemoteSwiftPackageReference "Alamofire" */ = {
			isa = XCRemoteSwiftPackageReference;
			repositoryURL = "https://github.com/Alamofire/Alamofire.git";
			requirement = {
				branch = master;
				kind = branch;
			};
		};
		49AF932D29811219009F8A58 /* XCRemoteSwiftPackageReference "RxSwift" */ = {
			isa = XCRemoteSwiftPackageReference;
			repositoryURL = "https://github.com/ReactiveX/RxSwift.git";
			requirement = {
				branch = main;
				kind = branch;
			};
		};
/* End XCRemoteSwiftPackageReference section */

/* Begin XCSwiftPackageProductDependency section */
		49009399298250F500548588 /* SocketIO */ = {
			isa = XCSwiftPackageProductDependency;
			package = 49009398298250F500548588 /* XCRemoteSwiftPackageReference "socket" */;
			productName = SocketIO;
		};
		490E6FE8298CDF1F0035470A /* RxDataSources */ = {
			isa = XCSwiftPackageProductDependency;
			package = 490E6FE7298CDF1E0035470A /* XCRemoteSwiftPackageReference "RxDataSources" */;
			productName = RxDataSources;
		};
		49AF931E2980FA06009F8A58 /* SnapKit */ = {
			isa = XCSwiftPackageProductDependency;
			package = 49AF931D2980FA06009F8A58 /* XCRemoteSwiftPackageReference "SnapKit" */;
			productName = SnapKit;
		};
		49AF932929811005009F8A58 /* Alamofire */ = {
			isa = XCSwiftPackageProductDependency;
			package = 49AF932829811005009F8A58 /* XCRemoteSwiftPackageReference "Alamofire" */;
			productName = Alamofire;
		};
		49AF932E29811219009F8A58 /* RxCocoa */ = {
			isa = XCSwiftPackageProductDependency;
			package = 49AF932D29811219009F8A58 /* XCRemoteSwiftPackageReference "RxSwift" */;
			productName = RxCocoa;
		};
		49AF933029811219009F8A58 /* RxSwift */ = {
			isa = XCSwiftPackageProductDependency;
			package = 49AF932D29811219009F8A58 /* XCRemoteSwiftPackageReference "RxSwift" */;
			productName = RxSwift;
		};
/* End XCSwiftPackageProductDependency section */
	};
	rootObject = 49AF92FE2980F91D009F8A58 /* Project object */;
}
